
Microsoft Visual Studio Solution File, Format Version 12.00
# Visual Studio 2013
VisualStudioVersion = 12.0.21005.1
MinimumVisualStudioVersion = 10.0.40219.1
Project("{8BC9CEB8-8B4A-11D0-8D11-00A0C91BC942}") = "SE106_Project", "SE106_Project\SE106_Project.vcxproj", "{AD267B4C-CC5D-4D78-9CBC-8B4498952223}"
EndProject
Global
	GlobalSection(SolutionConfigurationPlatforms) = preSolution
		Debug|Win32 = Debug|Win32
		Release|Win32 = Release|Win32
	EndGlobalSection
	GlobalSection(ProjectConfigurationPlatforms) = postSolution
		{AD267B4C-CC5D-4D78-9CBC-8B4498952223}.Debug|Win32.ActiveCfg = Debug|Win32
		{AD267B4C-CC5D-4D78-9CBC-8B4498952223}.Debug|Win32.Build.0 = Debug|Win32
		{AD267B4C-CC5D-4D78-9CBC-8B4498952223}.Release|Win32.ActiveCfg = Release|Win32
		{AD267B4C-CC5D-4D78-9CBC-8B4498952223}.Release|Win32.Build.0 = Release|Win32
	EndGlobalSection
	GlobalSection(SolutionProperties) = preSolution
		HideSolutionNode = FALSE
	EndGlobalSection
EndGlobal
